// !$*UTF8*$!
{
	archiveVersion = 1;
	classes = {
	};
	objectVersion = 55;
	objects = {

/* Begin PBXBuildFile section */
		4C1A3593245DFEE700C40FB5 /* App.swift in Sources */ = {isa = PBXBuildFile; fileRef = 4C1A3592245DFEE700C40FB5 /* App.swift */; };
		4C1A3595245DFEE700C40FB5 /* IngestDocument.swift in Sources */ = {isa = PBXBuildFile; fileRef = 4C1A3594245DFEE700C40FB5 /* IngestDocument.swift */; };
		4C1A3599245DFEE800C40FB5 /* Assets.xcassets in Resources */ = {isa = PBXBuildFile; fileRef = 4C1A3598245DFEE800C40FB5 /* Assets.xcassets */; };
		4C509ECD2700C9330071AC1D /* DVDInfoInit.swift in Sources */ = {isa = PBXBuildFile; fileRef = 4C509ECC2700C9330071AC1D /* DVDInfoInit.swift */; };
		4C509ED02700CA600071AC1D /* CTypeInterop.swift in Sources */ = {isa = PBXBuildFile; fileRef = 4C509ECF2700CA600071AC1D /* CTypeInterop.swift */; };
		4C932869276687A100E65B18 /* Common.swift in Sources */ = {isa = PBXBuildFile; fileRef = 4CA53B862690D4FF002140BC /* Common.swift */; };
		4C93286A276687A100E65B18 /* Importers.swift in Sources */ = {isa = PBXBuildFile; fileRef = 4C6D90A526B49E5200EAA149 /* Importers.swift */; };
		4C93286D276687B800E65B18 /* MovieArchiveExporters in Frameworks */ = {isa = PBXBuildFile; productRef = 4C93286C276687B800E65B18 /* MovieArchiveExporters */; };
		4C93286F276687B800E65B18 /* MovieArchiveImporters in Frameworks */ = {isa = PBXBuildFile; productRef = 4C93286E276687B800E65B18 /* MovieArchiveImporters */; };
		4C93287127668BEE00E65B18 /* Resources in Copy Resources Directory */ = {isa = PBXBuildFile; fileRef = 4C7158F32693A8370086A8C8 /* Resources */; };
		4C93287327668C1500E65B18 /* libintercept.dylib in Copy Intercept Library */ = {isa = PBXBuildFile; fileRef = 4CB7800E269C855B0027D46F /* libintercept.dylib */; settings = {ATTRIBUTES = (CodeSignOnCopy, ); }; };
		4C93287727668FA300E65B18 /* Converter.xpc in Embed XPC Service */ = {isa = PBXBuildFile; fileRef = 4CEEFEF324A108EC00C0357D /* Converter.xpc */; settings = {ATTRIBUTES = (RemoveHeadersOnCopy, ); }; };
		4C947BDE268234FD00D72937 /* MovieArchiveExporters in Frameworks */ = {isa = PBXBuildFile; productRef = 4C947BDD268234FD00D72937 /* MovieArchiveExporters */; };
		4CAB2E99268C5FD9004D9C4B /* DVDReader.swift in Sources */ = {isa = PBXBuildFile; fileRef = 4CAB2E98268C5FB3004D9C4B /* DVDReader.swift */; };
		4CAC9F3E24688E880031A9EE /* UIMacOS.swift in Sources */ = {isa = PBXBuildFile; fileRef = 4CAC9F3D24688E880031A9EE /* UIMacOS.swift */; };
		4CB768F5268BC1BA00FAF9DC /* MovieArchiveConverter in Frameworks */ = {isa = PBXBuildFile; productRef = 4CB768F4268BC1BA00FAF9DC /* MovieArchiveConverter */; };
		4CB78014269C88700027D46F /* dlopen.c in Sources */ = {isa = PBXBuildFile; fileRef = 4CB78013269C88700027D46F /* dlopen.c */; };
		4CE4581826C1B40E00501102 /* Localizable.strings in Resources */ = {isa = PBXBuildFile; fileRef = 4CE4581A26C1B40E00501102 /* Localizable.strings */; };
		4CEEFEFA24A108ED00C0357D /* main.swift in Sources */ = {isa = PBXBuildFile; fileRef = 4CEEFEF924A108ED00C0357D /* main.swift */; };
		4CEEFEFF24A108ED00C0357D /* Converter.xpc in Embed XPC Service */ = {isa = PBXBuildFile; fileRef = 4CEEFEF324A108EC00C0357D /* Converter.xpc */; settings = {ATTRIBUTES = (RemoveHeadersOnCopy, ); }; };
		4CFA77932681FCB900BB9632 /* MovieArchiveImporters in Frameworks */ = {isa = PBXBuildFile; productRef = 4CFA77922681FCB900BB9632 /* MovieArchiveImporters */; };
/* End PBXBuildFile section */

/* Begin PBXContainerItemProxy section */
		4C1A35B2245DFEE900C40FB5 /* PBXContainerItemProxy */ = {
			isa = PBXContainerItemProxy;
			containerPortal = 4C1A3587245DFEE700C40FB5 /* Project object */;
			proxyType = 1;
			remoteGlobalIDString = 4C1A358E245DFEE700C40FB5;
			remoteInfo = "Movie Archive";
		};
		4CB78015269C88AC0027D46F /* PBXContainerItemProxy */ = {
			isa = PBXContainerItemProxy;
			containerPortal = 4C1A3587245DFEE700C40FB5 /* Project object */;
			proxyType = 1;
			remoteGlobalIDString = 4CB7800D269C855B0027D46F;
			remoteInfo = Intercept;
		};
		4CD333F324A25A3A00CF1786 /* PBXContainerItemProxy */ = {
			isa = PBXContainerItemProxy;
			containerPortal = 4C1A3587245DFEE700C40FB5 /* Project object */;
			proxyType = 1;
			remoteGlobalIDString = 4CAA9C76249E8D96005EB90A;
			remoteInfo = Dependencies;
		};
		4CEEFF0324A10A0600C0357D /* PBXContainerItemProxy */ = {
			isa = PBXContainerItemProxy;
			containerPortal = 4C1A3587245DFEE700C40FB5 /* Project object */;
			proxyType = 1;
			remoteGlobalIDString = 4CEEFEF224A108EC00C0357D;
			remoteInfo = Converter;
		};
/* End PBXContainerItemProxy section */

/* Begin PBXCopyFilesBuildPhase section */
		4C93287027668BD000E65B18 /* Copy Resources Directory */ = {
			isa = PBXCopyFilesBuildPhase;
			buildActionMask = 2147483647;
			dstPath = Contents;
			dstSubfolderSpec = 1;
			files = (
				4C93287127668BEE00E65B18 /* Resources in Copy Resources Directory */,
			);
			name = "Copy Resources Directory";
			runOnlyForDeploymentPostprocessing = 0;
		};
		4C93287227668BFB00E65B18 /* Copy Intercept Library */ = {
			isa = PBXCopyFilesBuildPhase;
			buildActionMask = 2147483647;
			dstPath = "";
			dstSubfolderSpec = 10;
			files = (
				4C93287327668C1500E65B18 /* libintercept.dylib in Copy Intercept Library */,
			);
			name = "Copy Intercept Library";
			runOnlyForDeploymentPostprocessing = 0;
		};
		4C93287627668F8F00E65B18 /* Embed XPC Service */ = {
			isa = PBXCopyFilesBuildPhase;
			buildActionMask = 2147483647;
			dstPath = "$(CONTENTS_FOLDER_PATH)/XPCServices";
			dstSubfolderSpec = 16;
			files = (
				4C93287727668FA300E65B18 /* Converter.xpc in Embed XPC Service */,
			);
			name = "Embed XPC Service";
			runOnlyForDeploymentPostprocessing = 0;
		};
		4CEEFEFE24A108ED00C0357D /* Embed XPC Service */ = {
			isa = PBXCopyFilesBuildPhase;
			buildActionMask = 2147483647;
			dstPath = "$(CONTENTS_FOLDER_PATH)/XPCServices";
			dstSubfolderSpec = 16;
			files = (
				4CEEFEFF24A108ED00C0357D /* Converter.xpc in Embed XPC Service */,
			);
			name = "Embed XPC Service";
			runOnlyForDeploymentPostprocessing = 0;
		};
/* End PBXCopyFilesBuildPhase section */

/* Begin PBXFileReference section */
		4C1A358F245DFEE700C40FB5 /* Movie Archive.app */ = {isa = PBXFileReference; explicitFileType = wrapper.application; includeInIndex = 0; path = "Movie Archive.app"; sourceTree = BUILT_PRODUCTS_DIR; };
		4C1A3592245DFEE700C40FB5 /* App.swift */ = {isa = PBXFileReference; lastKnownFileType = sourcecode.swift; path = App.swift; sourceTree = "<group>"; };
		4C1A3594245DFEE700C40FB5 /* IngestDocument.swift */ = {isa = PBXFileReference; lastKnownFileType = sourcecode.swift; path = IngestDocument.swift; sourceTree = "<group>"; };
		4C1A3598245DFEE800C40FB5 /* Assets.xcassets */ = {isa = PBXFileReference; lastKnownFileType = folder.assetcatalog; path = Assets.xcassets; sourceTree = "<group>"; };
		4C1A35A0245DFEE800C40FB5 /* Info.plist */ = {isa = PBXFileReference; lastKnownFileType = text.plist.xml; path = Info.plist; sourceTree = "<group>"; };
		4C1A35A1245DFEE800C40FB5 /* MovieArchive.entitlements */ = {isa = PBXFileReference; lastKnownFileType = text.plist.entitlements; path = MovieArchive.entitlements; sourceTree = "<group>"; };
		4C1A35B1245DFEE900C40FB5 /* Tests macOS.xctest */ = {isa = PBXFileReference; explicitFileType = wrapper.cfbundle; includeInIndex = 0; path = "Tests macOS.xctest"; sourceTree = BUILT_PRODUCTS_DIR; };
		4C1BDC35249E6FB900BBF058 /* Importers */ = {isa = PBXFileReference; lastKnownFileType = folder; path = Importers; sourceTree = "<group>"; };
		4C1E153724BB9E96000897F9 /* MovieArchive.playground */ = {isa = PBXFileReference; lastKnownFileType = file.playground; path = MovieArchive.playground; sourceTree = "<group>"; xcLanguageSpecificationIdentifier = xcode.lang.swift; };
		4C1F484926A2D44400AF7205 /* XPC-Debug.entitlements */ = {isa = PBXFileReference; lastKnownFileType = text.plist.entitlements; path = "XPC-Debug.entitlements"; sourceTree = "<group>"; };
		4C392A56249E72E000CD7308 /* Exporters */ = {isa = PBXFileReference; lastKnownFileType = text; path = Exporters; sourceTree = SOURCE_ROOT; };
		4C392A57249E72E000CD7308 /* Model */ = {isa = PBXFileReference; lastKnownFileType = text; path = Model; sourceTree = SOURCE_ROOT; };
		4C509ECC2700C9330071AC1D /* DVDInfoInit.swift */ = {isa = PBXFileReference; lastKnownFileType = sourcecode.swift; path = DVDInfoInit.swift; sourceTree = "<group>"; };
		4C509ECF2700CA600071AC1D /* CTypeInterop.swift */ = {isa = PBXFileReference; lastKnownFileType = sourcecode.swift; path = CTypeInterop.swift; sourceTree = "<group>"; };
		4C6D90A526B49E5200EAA149 /* Importers.swift */ = {isa = PBXFileReference; lastKnownFileType = sourcecode.swift; path = Importers.swift; sourceTree = "<group>"; };
		4C7158F32693A8370086A8C8 /* Resources */ = {isa = PBXFileReference; lastKnownFileType = folder; path = Resources; sourceTree = "<group>"; };
		4C7158F42693A9FC0086A8C8 /* XPC-Release.entitlements */ = {isa = PBXFileReference; lastKnownFileType = text.plist.entitlements; path = "XPC-Release.entitlements"; sourceTree = "<group>"; };
		4C874A90245E032C0026B9D7 /* README.md */ = {isa = PBXFileReference; fileEncoding = 4; lastKnownFileType = net.daringfireball.markdown; path = README.md; sourceTree = "<group>"; };
		4C8AC3D5268B05EB00BF1726 /* Converter */ = {isa = PBXFileReference; lastKnownFileType = folder; path = Converter; sourceTree = "<group>"; };
		4C932860276686A200E65B18 /* Tests.xctest */ = {isa = PBXFileReference; explicitFileType = wrapper.cfbundle; includeInIndex = 0; path = Tests.xctest; sourceTree = BUILT_PRODUCTS_DIR; };
		4CA53B862690D4FF002140BC /* Common.swift */ = {isa = PBXFileReference; lastKnownFileType = sourcecode.swift; path = Common.swift; sourceTree = "<group>"; };
		4CAA9C7A249E8DBD005EB90A /* Dependencies */ = {isa = PBXFileReference; lastKnownFileType = folder; path = Dependencies; sourceTree = "<group>"; };
		4CAB2E98268C5FB3004D9C4B /* DVDReader.swift */ = {isa = PBXFileReference; lastKnownFileType = sourcecode.swift; path = DVDReader.swift; sourceTree = "<group>"; };
		4CAC9F3D24688E880031A9EE /* UIMacOS.swift */ = {isa = PBXFileReference; lastKnownFileType = sourcecode.swift; path = UIMacOS.swift; sourceTree = "<group>"; };
		4CB7800E269C855B0027D46F /* libintercept.dylib */ = {isa = PBXFileReference; explicitFileType = "compiled.mach-o.dylib"; includeInIndex = 0; path = libintercept.dylib; sourceTree = BUILT_PRODUCTS_DIR; };
		4CB78013269C88700027D46F /* dlopen.c */ = {isa = PBXFileReference; fileEncoding = 4; lastKnownFileType = sourcecode.c.c; path = dlopen.c; sourceTree = "<group>"; };
		4CB7801C269C97610027D46F /* intercept.h */ = {isa = PBXFileReference; lastKnownFileType = sourcecode.c.h; path = intercept.h; sourceTree = "<group>"; };
		4CE4581926C1B40E00501102 /* en */ = {isa = PBXFileReference; lastKnownFileType = text.plist.strings; name = en; path = en.lproj/Localizable.strings; sourceTree = "<group>"; };
		4CEEFEEE24A0FDE400C0357D /* Players */ = {isa = PBXFileReference; lastKnownFileType = folder; path = Players; sourceTree = "<group>"; };
		4CEEFEF324A108EC00C0357D /* Converter.xpc */ = {isa = PBXFileReference; explicitFileType = "wrapper.xpc-service"; includeInIndex = 0; path = Converter.xpc; sourceTree = BUILT_PRODUCTS_DIR; };
		4CEEFEF924A108ED00C0357D /* main.swift */ = {isa = PBXFileReference; lastKnownFileType = sourcecode.swift; path = main.swift; sourceTree = "<group>"; };
		4CEEFEFB24A108ED00C0357D /* Info.plist */ = {isa = PBXFileReference; lastKnownFileType = text.plist.xml; path = Info.plist; sourceTree = "<group>"; };
/* End PBXFileReference section */

/* Begin PBXFrameworksBuildPhase section */
		4C1A358C245DFEE700C40FB5 /* Frameworks */ = {
			isa = PBXFrameworksBuildPhase;
			buildActionMask = 2147483647;
			files = (
				4CFA77932681FCB900BB9632 /* MovieArchiveImporters in Frameworks */,
				4C947BDE268234FD00D72937 /* MovieArchiveExporters in Frameworks */,
			);
			runOnlyForDeploymentPostprocessing = 0;
		};
		4C93285D276686A200E65B18 /* Frameworks */ = {
			isa = PBXFrameworksBuildPhase;
			buildActionMask = 2147483647;
			files = (
				4C93286F276687B800E65B18 /* MovieArchiveImporters in Frameworks */,
				4C93286D276687B800E65B18 /* MovieArchiveExporters in Frameworks */,
			);
			runOnlyForDeploymentPostprocessing = 0;
		};
		4CEEFEF024A108EC00C0357D /* Frameworks */ = {
			isa = PBXFrameworksBuildPhase;
			buildActionMask = 2147483647;
			files = (
				4CB768F5268BC1BA00FAF9DC /* MovieArchiveConverter in Frameworks */,
			);
			runOnlyForDeploymentPostprocessing = 0;
		};
/* End PBXFrameworksBuildPhase section */

/* Begin PBXGroup section */
		4C1A3586245DFEE700C40FB5 = {
			isa = PBXGroup;
			children = (
				4C874A90245E032C0026B9D7 /* README.md */,
				4C1E153724BB9E96000897F9 /* MovieArchive.playground */,
				4CAC9F3B246885630031A9EE /* macOS */,
				4C392A57249E72E000CD7308 /* Model */,
				4C1BDC35249E6FB900BBF058 /* Importers */,
				4C392A56249E72E000CD7308 /* Exporters */,
				4CEEFEEE24A0FDE400C0357D /* Players */,
				4CEEFEF424A108EC00C0357D /* XPCConverter */,
				4C1A35A9245DFEE900C40FB5 /* Tests */,
				4CAA9C7A249E8DBD005EB90A /* Dependencies */,
				4C1A3590245DFEE700C40FB5 /* Products */,
			);
			sourceTree = "<group>";
		};
		4C1A3590245DFEE700C40FB5 /* Products */ = {
			isa = PBXGroup;
			children = (
				4CEEFEF324A108EC00C0357D /* Converter.xpc */,
				4C1A358F245DFEE700C40FB5 /* Movie Archive.app */,
				4C1A35B1245DFEE900C40FB5 /* Tests macOS.xctest */,
				4CB7800E269C855B0027D46F /* libintercept.dylib */,
				4C932860276686A200E65B18 /* Tests.xctest */,
			);
			name = Products;
			sourceTree = "<group>";
		};
		4C1A35A9245DFEE900C40FB5 /* Tests */ = {
			isa = PBXGroup;
			children = (
				4CA53B862690D4FF002140BC /* Common.swift */,
				4C6D90A526B49E5200EAA149 /* Importers.swift */,
				4CAC9F3D24688E880031A9EE /* UIMacOS.swift */,
				4C7158F32693A8370086A8C8 /* Resources */,
			);
			path = Tests;
			sourceTree = "<group>";
		};
		4CAC9F3B246885630031A9EE /* macOS */ = {
			isa = PBXGroup;
			children = (
				4C1A3592245DFEE700C40FB5 /* App.swift */,
				4C1A3594245DFEE700C40FB5 /* IngestDocument.swift */,
				4C1A3598245DFEE800C40FB5 /* Assets.xcassets */,
				4C1A35A0245DFEE800C40FB5 /* Info.plist */,
				4CE4581A26C1B40E00501102 /* Localizable.strings */,
				4C1A35A1245DFEE800C40FB5 /* MovieArchive.entitlements */,
			);
			path = macOS;
			sourceTree = "<group>";
		};
		4CB78012269C88700027D46F /* Intercept */ = {
			isa = PBXGroup;
			children = (
				4CB7801C269C97610027D46F /* intercept.h */,
				4CB78013269C88700027D46F /* dlopen.c */,
			);
			path = Intercept;
			sourceTree = "<group>";
		};
		4CEEFEF424A108EC00C0357D /* XPCConverter */ = {
			isa = PBXGroup;
			children = (
				4C8AC3D5268B05EB00BF1726 /* Converter */,
				4C509ECF2700CA600071AC1D /* CTypeInterop.swift */,
				4CAB2E98268C5FB3004D9C4B /* DVDReader.swift */,
				4C509ECC2700C9330071AC1D /* DVDInfoInit.swift */,
				4CB78012269C88700027D46F /* Intercept */,
				4CEEFEFB24A108ED00C0357D /* Info.plist */,
				4C1F484926A2D44400AF7205 /* XPC-Debug.entitlements */,
				4C7158F42693A9FC0086A8C8 /* XPC-Release.entitlements */,
				4CEEFEF924A108ED00C0357D /* main.swift */,
			);
			path = XPCConverter;
			sourceTree = "<group>";
		};
/* End PBXGroup section */

/* Begin PBXLegacyTarget section */
		4CAA9C76249E8D96005EB90A /* Dependencies */ = {
			isa = PBXLegacyTarget;
			buildArgumentsString = "$(ACTION)";
			buildConfigurationList = 4CAA9C79249E8D96005EB90A /* Build configuration list for PBXLegacyTarget "Dependencies" */;
			buildPhases = (
			);
			buildToolPath = /usr/bin/make;
			buildWorkingDirectory = "$(PROJECT_DIR)/Dependencies";
			dependencies = (
			);
			name = Dependencies;
			passBuildSettingsInEnvironment = 1;
			productName = Dependencies;
		};
/* End PBXLegacyTarget section */

/* Begin PBXNativeTarget section */
		4C1A358E245DFEE700C40FB5 /* Movie Archive */ = {
			isa = PBXNativeTarget;
			buildConfigurationList = 4C1A35BA245DFEE900C40FB5 /* Build configuration list for PBXNativeTarget "Movie Archive" */;
			buildPhases = (
				4C1A358B245DFEE700C40FB5 /* Sources */,
				4C1A358C245DFEE700C40FB5 /* Frameworks */,
				4C1A358D245DFEE700C40FB5 /* Resources */,
				4CEEFEFE24A108ED00C0357D /* Embed XPC Service */,
			);
			buildRules = (
			);
			dependencies = (
				4CEEFF0424A10A0600C0357D /* PBXTargetDependency */,
			);
			name = "Movie Archive";
			packageProductDependencies = (
				4CFA77922681FCB900BB9632 /* MovieArchiveImporters */,
				4C947BDD268234FD00D72937 /* MovieArchiveExporters */,
			);
			productName = "Movie Archive";
			productReference = 4C1A358F245DFEE700C40FB5 /* Movie Archive.app */;
			productType = "com.apple.product-type.application";
		};
		4C1A35B0245DFEE900C40FB5 /* Tests macOS */ = {
			isa = PBXNativeTarget;
			buildConfigurationList = 4C1A35C0245DFEE900C40FB5 /* Build configuration list for PBXNativeTarget "Tests macOS" */;
			buildPhases = (
				4C1A35AD245DFEE900C40FB5 /* Sources */,
			);
			buildRules = (
			);
			dependencies = (
				4C1A35B3245DFEE900C40FB5 /* PBXTargetDependency */,
			);
			name = "Tests macOS";
			packageProductDependencies = (
			);
			productName = "Movie ArchiveUITests";
			productReference = 4C1A35B1245DFEE900C40FB5 /* Tests macOS.xctest */;
			productType = "com.apple.product-type.bundle.ui-testing";
		};
		4C93285F276686A200E65B18 /* Tests */ = {
			isa = PBXNativeTarget;
			buildConfigurationList = 4C932866276686A200E65B18 /* Build configuration list for PBXNativeTarget "Tests" */;
			buildPhases = (
				4C93285C276686A200E65B18 /* Sources */,
				4C93285D276686A200E65B18 /* Frameworks */,
				4C93287027668BD000E65B18 /* Copy Resources Directory */,
				4C93287227668BFB00E65B18 /* Copy Intercept Library */,
				4C93287627668F8F00E65B18 /* Embed XPC Service */,
			);
			buildRules = (
			);
			dependencies = (
			);
			name = Tests;
			packageProductDependencies = (
				4C93286C276687B800E65B18 /* MovieArchiveExporters */,
				4C93286E276687B800E65B18 /* MovieArchiveImporters */,
			);
			productName = Tests;
			productReference = 4C932860276686A200E65B18 /* Tests.xctest */;
			productType = "com.apple.product-type.bundle.unit-test";
		};
		4CB7800D269C855B0027D46F /* Intercept */ = {
			isa = PBXNativeTarget;
			buildConfigurationList = 4CB7800F269C855B0027D46F /* Build configuration list for PBXNativeTarget "Intercept" */;
			buildPhases = (
				4CB7800B269C855B0027D46F /* Sources */,
			);
			buildRules = (
			);
			dependencies = (
			);
			name = Intercept;
			productName = Intercept;
			productReference = 4CB7800E269C855B0027D46F /* libintercept.dylib */;
			productType = "com.apple.product-type.library.dynamic";
		};
		4CEEFEF224A108EC00C0357D /* Converter */ = {
			isa = PBXNativeTarget;
			buildConfigurationList = 4CEEFF0024A108ED00C0357D /* Build configuration list for PBXNativeTarget "Converter" */;
			buildPhases = (
				4CEEFEEF24A108EC00C0357D /* Sources */,
				4CEEFEF024A108EC00C0357D /* Frameworks */,
				4CB7801B269C8ABD0027D46F /* Install Intercept Library */,
				4CB78009269C40890027D46F /* Copy Optional CSS Library */,
			);
			buildRules = (
			);
			dependencies = (
				4CD333F424A25A3A00CF1786 /* PBXTargetDependency */,
				4CB78016269C88AC0027D46F /* PBXTargetDependency */,
			);
			name = Converter;
			packageProductDependencies = (
				4CB768F4268BC1BA00FAF9DC /* MovieArchiveConverter */,
			);
			productName = converter;
			productReference = 4CEEFEF324A108EC00C0357D /* Converter.xpc */;
			productType = "com.apple.product-type.xpc-service";
		};
/* End PBXNativeTarget section */

/* Begin PBXProject section */
		4C1A3587245DFEE700C40FB5 /* Project object */ = {
			isa = PBXProject;
			attributes = {
				LastSwiftUpdateCheck = 1310;
				LastUpgradeCheck = 1320;
				TargetAttributes = {
					4C1A358E245DFEE700C40FB5 = {
						CreatedOnToolsVersion = 11.4.1;
					};
					4C1A35B0245DFEE900C40FB5 = {
						CreatedOnToolsVersion = 11.4.1;
						LastSwiftMigration = 1140;
						TestTargetID = 4C1A358E245DFEE700C40FB5;
					};
					4C93285F276686A200E65B18 = {
						CreatedOnToolsVersion = 13.1;
					};
					4CAA9C76249E8D96005EB90A = {
						CreatedOnToolsVersion = 11.5;
					};
					4CB7800D269C855B0027D46F = {
						CreatedOnToolsVersion = 13.0;
					};
					4CEEFEF224A108EC00C0357D = {
						CreatedOnToolsVersion = 11.5;
					};
				};
			};
			buildConfigurationList = 4C1A358A245DFEE700C40FB5 /* Build configuration list for PBXProject "MovieArchive" */;
			compatibilityVersion = "Xcode 13.0";
			developmentRegion = en;
			hasScannedForEncodings = 0;
			knownRegions = (
				en,
				Base,
			);
			mainGroup = 4C1A3586245DFEE700C40FB5;
			productRefGroup = 4C1A3590245DFEE700C40FB5 /* Products */;
			projectDirPath = "";
			projectRoot = "";
			targets = (
				4C1A358E245DFEE700C40FB5 /* Movie Archive */,
				4CEEFEF224A108EC00C0357D /* Converter */,
				4CAA9C76249E8D96005EB90A /* Dependencies */,
				4CB7800D269C855B0027D46F /* Intercept */,
				4C93285F276686A200E65B18 /* Tests */,
				4C1A35B0245DFEE900C40FB5 /* Tests macOS */,
			);
		};
/* End PBXProject section */

/* Begin PBXResourcesBuildPhase section */
		4C1A358D245DFEE700C40FB5 /* Resources */ = {
			isa = PBXResourcesBuildPhase;
			buildActionMask = 2147483647;
			files = (
				4C1A3599245DFEE800C40FB5 /* Assets.xcassets in Resources */,
				4CE4581826C1B40E00501102 /* Localizable.strings in Resources */,
			);
			runOnlyForDeploymentPostprocessing = 0;
		};
/* End PBXResourcesBuildPhase section */

/* Begin PBXShellScriptBuildPhase section */
		4CB78009269C40890027D46F /* Copy Optional CSS Library */ = {
			isa = PBXShellScriptBuildPhase;
			buildActionMask = 2147483647;
			files = (
			);
			inputFileListPaths = (
			);
			inputPaths = (
				"$(SRCROOT)/Dependencies/Build/$(CONFIGURATION)/libdvdcss/libdvdcss.2.dylib",
				"$(BUILT_PRODUCTS_DIR)/$(FRAMEWORKS_FOLDER_PATH)/libintercept.dylib",
			);
			name = "Copy Optional CSS Library";
			outputFileListPaths = (
			);
			outputPaths = (
				"$(BUILT_PRODUCTS_DIR)/$(FRAMEWORKS_FOLDER_PATH)/libdvdcss.2.dylib",
			);
			runOnlyForDeploymentPostprocessing = 0;
			shellPath = /bin/sh;
			shellScript = "if test -x \"$SCRIPT_INPUT_FILE_0\" ; then\n\tmkdir -p \"$(dirname \"$SCRIPT_OUTPUT_FILE_0\")\"\n\tcp -p \"$SCRIPT_INPUT_FILE_0\" \"$SCRIPT_OUTPUT_FILE_0\"\n\tinstall_name_tool -change /usr/lib/libSystem.B.dylib \"@executable_path/../Frameworks/$(basename \"$SCRIPT_INPUT_FILE_1\")\" \"$SCRIPT_OUTPUT_FILE_0\"\nfi\n";
		};
		4CB7801B269C8ABD0027D46F /* Install Intercept Library */ = {
			isa = PBXShellScriptBuildPhase;
			buildActionMask = 2147483647;
			files = (
			);
			inputFileListPaths = (
			);
			inputPaths = (
				"$(BUILT_PRODUCTS_DIR)/libintercept.dylib",
				"$(BUILT_PRODUCTS_DIR)/$(EXECUTABLE_PATH)",
			);
			name = "Install Intercept Library";
			outputFileListPaths = (
			);
			outputPaths = (
				"$(BUILT_PRODUCTS_DIR)/$(FRAMEWORKS_FOLDER_PATH)/libintercept.dylib",
			);
			runOnlyForDeploymentPostprocessing = 0;
			shellPath = /bin/sh;
			shellScript = "# copy intercept library\nmkdir -p \"$(dirname \"$SCRIPT_OUTPUT_FILE_0\")\"\ncp -p \"$SCRIPT_INPUT_FILE_0\" \"$SCRIPT_OUTPUT_FILE_0\"\n\n# patch XPC converter to replace libSystem with intercept library\nif otool -L \"$SCRIPT_INPUT_FILE_1\" | fgrep -q libSystem ; then\n\tcodesign --remove-signature \"$SCRIPT_INPUT_FILE_1\"\n\tinstall_name_tool -change /usr/lib/libSystem.B.dylib \"@executable_path/../Frameworks/$(basename \"$SCRIPT_OUTPUT_FILE_0\")\" \"$SCRIPT_INPUT_FILE_1\"\nfi\n";
		};
/* End PBXShellScriptBuildPhase section */

/* Begin PBXSourcesBuildPhase section */
		4C1A358B245DFEE700C40FB5 /* Sources */ = {
			isa = PBXSourcesBuildPhase;
			buildActionMask = 2147483647;
			files = (
				4C1A3595245DFEE700C40FB5 /* IngestDocument.swift in Sources */,
				4C1A3593245DFEE700C40FB5 /* App.swift in Sources */,
			);
			runOnlyForDeploymentPostprocessing = 0;
		};
		4C1A35AD245DFEE900C40FB5 /* Sources */ = {
			isa = PBXSourcesBuildPhase;
			buildActionMask = 2147483647;
			files = (
				4CAC9F3E24688E880031A9EE /* UIMacOS.swift in Sources */,
			);
			runOnlyForDeploymentPostprocessing = 0;
		};
		4C93285C276686A200E65B18 /* Sources */ = {
			isa = PBXSourcesBuildPhase;
			buildActionMask = 2147483647;
			files = (
				4C932869276687A100E65B18 /* Common.swift in Sources */,
				4C93286A276687A100E65B18 /* Importers.swift in Sources */,
			);
			runOnlyForDeploymentPostprocessing = 0;
		};
		4CB7800B269C855B0027D46F /* Sources */ = {
			isa = PBXSourcesBuildPhase;
			buildActionMask = 2147483647;
			files = (
				4CB78014269C88700027D46F /* dlopen.c in Sources */,
			);
			runOnlyForDeploymentPostprocessing = 0;
		};
		4CEEFEEF24A108EC00C0357D /* Sources */ = {
			isa = PBXSourcesBuildPhase;
			buildActionMask = 2147483647;
			files = (
				4CAB2E99268C5FD9004D9C4B /* DVDReader.swift in Sources */,
				4CEEFEFA24A108ED00C0357D /* main.swift in Sources */,
				4C509ECD2700C9330071AC1D /* DVDInfoInit.swift in Sources */,
				4C509ED02700CA600071AC1D /* CTypeInterop.swift in Sources */,
			);
			runOnlyForDeploymentPostprocessing = 0;
		};
/* End PBXSourcesBuildPhase section */

/* Begin PBXTargetDependency section */
		4C1A35B3245DFEE900C40FB5 /* PBXTargetDependency */ = {
			isa = PBXTargetDependency;
			target = 4C1A358E245DFEE700C40FB5 /* Movie Archive */;
			targetProxy = 4C1A35B2245DFEE900C40FB5 /* PBXContainerItemProxy */;
		};
		4CB78016269C88AC0027D46F /* PBXTargetDependency */ = {
			isa = PBXTargetDependency;
			target = 4CB7800D269C855B0027D46F /* Intercept */;
			targetProxy = 4CB78015269C88AC0027D46F /* PBXContainerItemProxy */;
		};
		4CD333F424A25A3A00CF1786 /* PBXTargetDependency */ = {
			isa = PBXTargetDependency;
			target = 4CAA9C76249E8D96005EB90A /* Dependencies */;
			targetProxy = 4CD333F324A25A3A00CF1786 /* PBXContainerItemProxy */;
		};
		4CEEFF0424A10A0600C0357D /* PBXTargetDependency */ = {
			isa = PBXTargetDependency;
			target = 4CEEFEF224A108EC00C0357D /* Converter */;
			targetProxy = 4CEEFF0324A10A0600C0357D /* PBXContainerItemProxy */;
		};
/* End PBXTargetDependency section */

/* Begin PBXVariantGroup section */
		4CE4581A26C1B40E00501102 /* Localizable.strings */ = {
			isa = PBXVariantGroup;
			children = (
				4CE4581926C1B40E00501102 /* en */,
			);
			name = Localizable.strings;
			sourceTree = "<group>";
		};
/* End PBXVariantGroup section */

/* Begin XCBuildConfiguration section */
		4C1A35B8245DFEE900C40FB5 /* Debug */ = {
			isa = XCBuildConfiguration;
			buildSettings = {
				ALWAYS_SEARCH_USER_PATHS = NO;
				ARCHS = "$(ARCHS_STANDARD)";
				ENABLE_HARDENED_RUNTIME = YES;
				ENABLE_PREVIEWS = YES;
				ENABLE_TESTABILITY = YES;
				MACOSX_DEPLOYMENT_TARGET = 12.0;
				ONLY_ACTIVE_ARCH = YES;
				SWIFT_OPTIMIZATION_LEVEL = "-Onone";
				SWIFT_VERSION = 5.0;
			};
			name = Debug;
		};
		4C1A35B9245DFEE900C40FB5 /* Release */ = {
			isa = XCBuildConfiguration;
			buildSettings = {
				ALWAYS_SEARCH_USER_PATHS = NO;
				ARCHS = "$(ARCHS_STANDARD)";
				ENABLE_HARDENED_RUNTIME = YES;
				ENABLE_PREVIEWS = YES;
				MACOSX_DEPLOYMENT_TARGET = 12.0;
				SWIFT_COMPILATION_MODE = wholemodule;
				SWIFT_OPTIMIZATION_LEVEL = "-O";
				SWIFT_VERSION = 5.0;
			};
			name = Release;
		};
		4C1A35BB245DFEE900C40FB5 /* Debug */ = {
			isa = XCBuildConfiguration;
			buildSettings = {
				ASSETCATALOG_COMPILER_APPICON_NAME = AppIcon;
				CODE_SIGN_ENTITLEMENTS = macOS/MovieArchive.entitlements;
				CODE_SIGN_IDENTITY = "-";
				CODE_SIGN_STYLE = Automatic;
				COPY_PHASE_STRIP = NO;
				CURRENT_PROJECT_VERSION = 0.1;
				GENERATE_INFOPLIST_FILE = YES;
				INFOPLIST_FILE = macOS/Info.plist;
				OTHER_CODE_SIGN_FLAGS = "--deep";
				PRODUCT_BUNDLE_IDENTIFIER = "de.reactorcontrol.movie-archive.macos";
				PRODUCT_NAME = "$(TARGET_NAME)";
				SDKROOT = macosx;
			};
			name = Debug;
		};
		4C1A35BC245DFEE900C40FB5 /* Release */ = {
			isa = XCBuildConfiguration;
			buildSettings = {
				ASSETCATALOG_COMPILER_APPICON_NAME = AppIcon;
				CODE_SIGN_ENTITLEMENTS = macOS/MovieArchive.entitlements;
				CODE_SIGN_IDENTITY = "Michael Roitzsch";
				CODE_SIGN_STYLE = Manual;
				COPY_PHASE_STRIP = NO;
				CURRENT_PROJECT_VERSION = 0.1;
				GENERATE_INFOPLIST_FILE = YES;
				INFOPLIST_FILE = macOS/Info.plist;
				OTHER_CODE_SIGN_FLAGS = "--deep";
				PRODUCT_BUNDLE_IDENTIFIER = "de.reactorcontrol.movie-archive.macos";
				PRODUCT_NAME = "$(TARGET_NAME)";
				SDKROOT = macosx;
			};
			name = Release;
		};
		4C1A35C1245DFEE900C40FB5 /* Debug */ = {
			isa = XCBuildConfiguration;
			buildSettings = {
				CODE_SIGN_IDENTITY = "Apple Development";
				CODE_SIGN_STYLE = Automatic;
				COPY_PHASE_STRIP = NO;
				DEVELOPMENT_TEAM = 599BKLQ4UG;
				GENERATE_INFOPLIST_FILE = YES;
				PRODUCT_BUNDLE_IDENTIFIER = "de.reactorcontrol.movie-archive.macos.tests";
				PRODUCT_NAME = "$(TARGET_NAME)";
				SDKROOT = macosx;
				TEST_TARGET_NAME = "Movie Archive";
			};
			name = Debug;
		};
		4C1A35C2245DFEE900C40FB5 /* Release */ = {
			isa = XCBuildConfiguration;
			buildSettings = {
				CODE_SIGN_IDENTITY = "Apple Development";
				CODE_SIGN_STYLE = Automatic;
				COPY_PHASE_STRIP = NO;
				DEVELOPMENT_TEAM = 599BKLQ4UG;
				GENERATE_INFOPLIST_FILE = YES;
				PRODUCT_BUNDLE_IDENTIFIER = "de.reactorcontrol.movie-archive.macos.tests";
				PRODUCT_NAME = "$(TARGET_NAME)";
				SDKROOT = macosx;
				TEST_TARGET_NAME = "Movie Archive";
			};
			name = Release;
		};
		4C932867276686A200E65B18 /* Debug */ = {
			isa = XCBuildConfiguration;
			buildSettings = {
				CODE_SIGN_STYLE = Automatic;
				COPY_PHASE_STRIP = NO;
				GENERATE_INFOPLIST_FILE = YES;
				PRODUCT_BUNDLE_IDENTIFIER = "de.reactorcontrol.movie-archive.tests";
				PRODUCT_NAME = "$(TARGET_NAME)";
				SDKROOT = macosx;
			};
			name = Debug;
		};
		4C932868276686A200E65B18 /* Release */ = {
			isa = XCBuildConfiguration;
			buildSettings = {
				CODE_SIGN_STYLE = Automatic;
				COPY_PHASE_STRIP = NO;
				GENERATE_INFOPLIST_FILE = YES;
				PRODUCT_BUNDLE_IDENTIFIER = "de.reactorcontrol.movie-archive.tests";
				PRODUCT_NAME = "$(TARGET_NAME)";
				SDKROOT = macosx;
			};
			name = Release;
		};
		4CAA9C77249E8D96005EB90A /* Debug */ = {
			isa = XCBuildConfiguration;
			buildSettings = {
			};
			name = Debug;
		};
		4CAA9C78249E8D96005EB90A /* Release */ = {
			isa = XCBuildConfiguration;
			buildSettings = {
			};
			name = Release;
		};
		4CB78010269C855B0027D46F /* Debug */ = {
			isa = XCBuildConfiguration;
			buildSettings = {
				CLANG_WARN_BLOCK_CAPTURE_AUTORELEASING = YES;
				CLANG_WARN_COMMA = YES;
				CLANG_WARN_EMPTY_BODY = YES;
				CLANG_WARN_IMPLICIT_SIGN_CONVERSION = YES;
				CLANG_WARN_INFINITE_RECURSION = YES;
				CLANG_WARN_SEMICOLON_BEFORE_METHOD_BODY = YES;
				CLANG_WARN_STRICT_PROTOTYPES = YES;
				CLANG_WARN_SUSPICIOUS_IMPLICIT_CONVERSION = YES;
				CLANG_WARN_UNREACHABLE_CODE = YES;
				DYLIB_COMPATIBILITY_VERSION = 1.0.0;
				DYLIB_CURRENT_VERSION = 1311.0.0;
				EXECUTABLE_PREFIX = lib;
				GCC_C_LANGUAGE_STANDARD = c11;
				GCC_OPTIMIZATION_LEVEL = 0;
				GCC_WARN_64_TO_32_BIT_CONVERSION = YES;
				GCC_WARN_ABOUT_MISSING_FIELD_INITIALIZERS = YES;
				GCC_WARN_ABOUT_MISSING_NEWLINE = YES;
				GCC_WARN_ABOUT_MISSING_PROTOTYPES = YES;
				GCC_WARN_ABOUT_RETURN_TYPE = YES;
				GCC_WARN_FOUR_CHARACTER_CONSTANTS = YES;
				GCC_WARN_SHADOW = YES;
				GCC_WARN_SIGN_COMPARE = YES;
				GCC_WARN_UNINITIALIZED_AUTOS = YES_AGGRESSIVE;
				GCC_WARN_UNKNOWN_PRAGMAS = YES;
				GCC_WARN_UNUSED_FUNCTION = YES;
				GCC_WARN_UNUSED_LABEL = YES;
				GCC_WARN_UNUSED_PARAMETER = YES;
				GCC_WARN_UNUSED_VARIABLE = YES;
				PRODUCT_NAME = "$(TARGET_NAME:lower)";
				REEXPORTED_LIBRARY_NAMES = System;
				SDKROOT = macosx;
			};
			name = Debug;
		};
		4CB78011269C855B0027D46F /* Release */ = {
			isa = XCBuildConfiguration;
			buildSettings = {
				CLANG_WARN_BLOCK_CAPTURE_AUTORELEASING = YES;
				CLANG_WARN_COMMA = YES;
				CLANG_WARN_EMPTY_BODY = YES;
				CLANG_WARN_IMPLICIT_SIGN_CONVERSION = YES;
				CLANG_WARN_INFINITE_RECURSION = YES;
				CLANG_WARN_SEMICOLON_BEFORE_METHOD_BODY = YES;
				CLANG_WARN_STRICT_PROTOTYPES = YES;
				CLANG_WARN_SUSPICIOUS_IMPLICIT_CONVERSION = YES;
				CLANG_WARN_UNREACHABLE_CODE = YES;
				DYLIB_COMPATIBILITY_VERSION = 1.0.0;
				DYLIB_CURRENT_VERSION = 1311.0.0;
				EXECUTABLE_PREFIX = lib;
				GCC_C_LANGUAGE_STANDARD = c11;
				GCC_WARN_64_TO_32_BIT_CONVERSION = YES;
				GCC_WARN_ABOUT_MISSING_FIELD_INITIALIZERS = YES;
				GCC_WARN_ABOUT_MISSING_NEWLINE = YES;
				GCC_WARN_ABOUT_MISSING_PROTOTYPES = YES;
				GCC_WARN_ABOUT_RETURN_TYPE = YES;
				GCC_WARN_FOUR_CHARACTER_CONSTANTS = YES;
				GCC_WARN_SHADOW = YES;
				GCC_WARN_SIGN_COMPARE = YES;
				GCC_WARN_UNINITIALIZED_AUTOS = YES_AGGRESSIVE;
				GCC_WARN_UNKNOWN_PRAGMAS = YES;
				GCC_WARN_UNUSED_FUNCTION = YES;
				GCC_WARN_UNUSED_LABEL = YES;
				GCC_WARN_UNUSED_PARAMETER = YES;
				GCC_WARN_UNUSED_VARIABLE = YES;
				PRODUCT_NAME = "$(TARGET_NAME:lower)";
				REEXPORTED_LIBRARY_NAMES = System;
				SDKROOT = macosx;
			};
			name = Release;
		};
		4CEEFF0124A108ED00C0357D /* Debug */ = {
			isa = XCBuildConfiguration;
			buildSettings = {
				CODE_SIGN_ENTITLEMENTS = "XPCConverter/XPC-$(CONFIGURATION).entitlements";
				CODE_SIGN_IDENTITY = "Apple Development";
				CODE_SIGN_STYLE = Automatic;
				DEVELOPMENT_TEAM = 599BKLQ4UG;
				GENERATE_INFOPLIST_FILE = YES;
				HEADER_SEARCH_PATHS = "";
				"HEADER_SEARCH_PATHS[arch=arm64]" = "$(SRCROOT)/Dependencies/Build/$(CONFIGURATION)/HandBrake/arm64/contrib/include";
				"HEADER_SEARCH_PATHS[arch=x86_64]" = "$(SRCROOT)/Dependencies/Build/$(CONFIGURATION)/HandBrake/x86_64/contrib/include";
				INFOPLIST_FILE = XPCConverter/Info.plist;
				LIBRARY_SEARCH_PATHS = "$(SRCROOT)/Dependencies/Build/$(CONFIGURATION)/HandBrake";
				OTHER_CODE_SIGN_FLAGS = "--deep";
				PRODUCT_BUNDLE_IDENTIFIER = "de.reactorcontrol.movie-archive.converter";
				PRODUCT_NAME = "$(TARGET_NAME)";
				SDKROOT = macosx;
				SWIFT_INCLUDE_PATHS = "";
				"SWIFT_INCLUDE_PATHS[arch=arm64]" = "$(SRCROOT)/Dependencies/Build/$(CONFIGURATION)/HandBrake/arm64";
				"SWIFT_INCLUDE_PATHS[arch=x86_64]" = "$(SRCROOT)/Dependencies/Build/$(CONFIGURATION)/HandBrake/x86_64";
			};
			name = Debug;
		};
		4CEEFF0224A108ED00C0357D /* Release */ = {
			isa = XCBuildConfiguration;
			buildSettings = {
				CODE_SIGN_ENTITLEMENTS = "XPCConverter/XPC-$(CONFIGURATION).entitlements";
				CODE_SIGN_IDENTITY = "Michael Roitzsch";
				CODE_SIGN_STYLE = Manual;
				GENERATE_INFOPLIST_FILE = YES;
				HEADER_SEARCH_PATHS = "";
				"HEADER_SEARCH_PATHS[arch=arm64]" = "$(SRCROOT)/Dependencies/Build/$(CONFIGURATION)/HandBrake/arm64/contrib/include";
				"HEADER_SEARCH_PATHS[arch=x86_64]" = "$(SRCROOT)/Dependencies/Build/$(CONFIGURATION)/HandBrake/x86_64/contrib/include";
				INFOPLIST_FILE = XPCConverter/Info.plist;
				LIBRARY_SEARCH_PATHS = "$(SRCROOT)/Dependencies/Build/$(CONFIGURATION)/HandBrake";
				OTHER_CODE_SIGN_FLAGS = "--deep";
				PRODUCT_BUNDLE_IDENTIFIER = "de.reactorcontrol.movie-archive.converter";
				PRODUCT_NAME = "$(TARGET_NAME)";
				SDKROOT = macosx;
				SWIFT_INCLUDE_PATHS = "";
				"SWIFT_INCLUDE_PATHS[arch=arm64]" = "$(SRCROOT)/Dependencies/Build/$(CONFIGURATION)/HandBrake/arm64";
				"SWIFT_INCLUDE_PATHS[arch=x86_64]" = "$(SRCROOT)/Dependencies/Build/$(CONFIGURATION)/HandBrake/x86_64";
			};
			name = Release;
		};
/* End XCBuildConfiguration section */

/* Begin XCConfigurationList section */
		4C1A358A245DFEE700C40FB5 /* Build configuration list for PBXProject "MovieArchive" */ = {
			isa = XCConfigurationList;
			buildConfigurations = (
				4C1A35B8245DFEE900C40FB5 /* Debug */,
				4C1A35B9245DFEE900C40FB5 /* Release */,
			);
			defaultConfigurationIsVisible = 0;
			defaultConfigurationName = Release;
		};
		4C1A35BA245DFEE900C40FB5 /* Build configuration list for PBXNativeTarget "Movie Archive" */ = {
			isa = XCConfigurationList;
			buildConfigurations = (
				4C1A35BB245DFEE900C40FB5 /* Debug */,
				4C1A35BC245DFEE900C40FB5 /* Release */,
			);
			defaultConfigurationIsVisible = 0;
			defaultConfigurationName = Release;
		};
		4C1A35C0245DFEE900C40FB5 /* Build configuration list for PBXNativeTarget "Tests macOS" */ = {
			isa = XCConfigurationList;
			buildConfigurations = (
				4C1A35C1245DFEE900C40FB5 /* Debug */,
				4C1A35C2245DFEE900C40FB5 /* Release */,
			);
			defaultConfigurationIsVisible = 0;
			defaultConfigurationName = Release;
		};
		4C932866276686A200E65B18 /* Build configuration list for PBXNativeTarget "Tests" */ = {
			isa = XCConfigurationList;
			buildConfigurations = (
				4C932867276686A200E65B18 /* Debug */,
				4C932868276686A200E65B18 /* Release */,
			);
			defaultConfigurationIsVisible = 0;
			defaultConfigurationName = Release;
		};
		4CAA9C79249E8D96005EB90A /* Build configuration list for PBXLegacyTarget "Dependencies" */ = {
			isa = XCConfigurationList;
			buildConfigurations = (
				4CAA9C77249E8D96005EB90A /* Debug */,
				4CAA9C78249E8D96005EB90A /* Release */,
			);
			defaultConfigurationIsVisible = 0;
			defaultConfigurationName = Release;
		};
		4CB7800F269C855B0027D46F /* Build configuration list for PBXNativeTarget "Intercept" */ = {
			isa = XCConfigurationList;
			buildConfigurations = (
				4CB78010269C855B0027D46F /* Debug */,
				4CB78011269C855B0027D46F /* Release */,
			);
			defaultConfigurationIsVisible = 0;
			defaultConfigurationName = Release;
		};
		4CEEFF0024A108ED00C0357D /* Build configuration list for PBXNativeTarget "Converter" */ = {
			isa = XCConfigurationList;
			buildConfigurations = (
				4CEEFF0124A108ED00C0357D /* Debug */,
				4CEEFF0224A108ED00C0357D /* Release */,
			);
			defaultConfigurationIsVisible = 0;
			defaultConfigurationName = Release;
		};
/* End XCConfigurationList section */

/* Begin XCSwiftPackageProductDependency section */
		4C93286C276687B800E65B18 /* MovieArchiveExporters */ = {
			isa = XCSwiftPackageProductDependency;
			productName = MovieArchiveExporters;
		};
		4C93286E276687B800E65B18 /* MovieArchiveImporters */ = {
			isa = XCSwiftPackageProductDependency;
			productName = MovieArchiveImporters;
		};
		4C947BDD268234FD00D72937 /* MovieArchiveExporters */ = {
			isa = XCSwiftPackageProductDependency;
			productName = MovieArchiveExporters;
		};
		4CB768F4268BC1BA00FAF9DC /* MovieArchiveConverter */ = {
			isa = XCSwiftPackageProductDependency;
			productName = MovieArchiveConverter;
		};
		4CFA77922681FCB900BB9632 /* MovieArchiveImporters */ = {
			isa = XCSwiftPackageProductDependency;
			productName = MovieArchiveImporters;
		};
/* End XCSwiftPackageProductDependency section */
	};
	rootObject = 4C1A3587245DFEE700C40FB5 /* Project object */;
}
