// !$*UTF8*$!
{
	archiveVersion = 1;
	classes = {
	};
	objectVersion = 46;
	objects = {

/* Begin PBXBuildFile section */
		1DDD582C0DA1D0D100B32029 /* DVDImportDocument.xib in Resources */ = {isa = PBXBuildFile; fileRef = 1DDD58280DA1D0D100B32029 /* DVDImportDocument.xib */; };
		1DDD582D0DA1D0D100B32029 /* MainMenu.xib in Resources */ = {isa = PBXBuildFile; fileRef = 1DDD582A0DA1D0D100B32029 /* MainMenu.xib */; };
		4C2A055412F5C33600120019 /* CPController.m in Sources */ = {isa = PBXBuildFile; fileRef = 4C2A055312F5C33600120019 /* CPController.m */; };
		4C2A059A12F5E1BA00120019 /* Localizable.strings in Resources */ = {isa = PBXBuildFile; fileRef = 4C2A059812F5E1BA00120019 /* Localizable.strings */; };
		4C94C47912DA34A000C29F6C /* libhb.a in Frameworks */ = {isa = PBXBuildFile; fileRef = 4C94C47812DA34A000C29F6C /* libhb.a */; };
		8D15AC2C0486D014006FF6A4 /* Credits.rtf in Resources */ = {isa = PBXBuildFile; fileRef = 2A37F4B9FDCFA73011CA2CEA /* Credits.rtf */; };
		8D15AC2F0486D014006FF6A4 /* InfoPlist.strings in Resources */ = {isa = PBXBuildFile; fileRef = 089C165FFE840EACC02AAC07 /* InfoPlist.strings */; };
		8D15AC310486D014006FF6A4 /* DVDImportDocument.m in Sources */ = {isa = PBXBuildFile; fileRef = 2A37F4ACFDCFA73011CA2CEA /* DVDImportDocument.m */; settings = {ATTRIBUTES = (); }; };
		8D15AC320486D014006FF6A4 /* main.m in Sources */ = {isa = PBXBuildFile; fileRef = 2A37F4B0FDCFA73011CA2CEA /* main.m */; settings = {ATTRIBUTES = (); }; };
		8D15AC340486D014006FF6A4 /* Cocoa.framework in Frameworks */ = {isa = PBXBuildFile; fileRef = 1058C7A7FEA54F5311CA2CBB /* Cocoa.framework */; };
/* End PBXBuildFile section */

/* Begin PBXContainerItemProxy section */
		4CD82E6212DA172900F9C039 /* PBXContainerItemProxy */ = {
			isa = PBXContainerItemProxy;
			containerPortal = 2A37F4A9FDCFA73011CA2CEA /* Project object */;
			proxyType = 1;
			remoteGlobalIDString = 4CD82E5F12DA16EF00F9C039;
			remoteInfo = "External Libraries";
		};
/* End PBXContainerItemProxy section */

/* Begin PBXFileReference section */
		089C1660FE840EACC02AAC07 /* English */ = {isa = PBXFileReference; fileEncoding = 10; lastKnownFileType = text.plist.strings; name = English; path = English.lproj/InfoPlist.strings; sourceTree = "<group>"; };
		1058C7A7FEA54F5311CA2CBB /* Cocoa.framework */ = {isa = PBXFileReference; lastKnownFileType = wrapper.framework; name = Cocoa.framework; path = /System/Library/Frameworks/Cocoa.framework; sourceTree = "<absolute>"; };
		1DDD58290DA1D0D100B32029 /* English */ = {isa = PBXFileReference; lastKnownFileType = file.xib; name = English; path = English.lproj/DVDImportDocument.xib; sourceTree = "<group>"; };
		1DDD582B0DA1D0D100B32029 /* English */ = {isa = PBXFileReference; lastKnownFileType = file.xib; name = English; path = English.lproj/MainMenu.xib; sourceTree = "<group>"; };
		2A37F4ACFDCFA73011CA2CEA /* DVDImportDocument.m */ = {isa = PBXFileReference; fileEncoding = 4; lastKnownFileType = sourcecode.c.objc; path = DVDImportDocument.m; sourceTree = "<group>"; };
		2A37F4AEFDCFA73011CA2CEA /* DVDImportDocument.h */ = {isa = PBXFileReference; fileEncoding = 4; lastKnownFileType = sourcecode.c.h; path = DVDImportDocument.h; sourceTree = "<group>"; };
		2A37F4B0FDCFA73011CA2CEA /* main.m */ = {isa = PBXFileReference; fileEncoding = 4; lastKnownFileType = sourcecode.c.objc; path = main.m; sourceTree = "<group>"; };
		2A37F4BAFDCFA73011CA2CEA /* English */ = {isa = PBXFileReference; lastKnownFileType = text.rtf; name = English; path = English.lproj/Credits.rtf; sourceTree = "<group>"; };
		32DBCF750370BD2300C91783 /* dvd2ite_Prefix.pch */ = {isa = PBXFileReference; fileEncoding = 4; lastKnownFileType = sourcecode.c.h; path = dvd2ite_Prefix.pch; sourceTree = "<group>"; };
		4C2A055212F5C33600120019 /* CPController.h */ = {isa = PBXFileReference; fileEncoding = 4; lastKnownFileType = sourcecode.c.h; path = CPController.h; sourceTree = "<group>"; };
		4C2A055312F5C33600120019 /* CPController.m */ = {isa = PBXFileReference; fileEncoding = 4; lastKnownFileType = sourcecode.c.objc; path = CPController.m; sourceTree = "<group>"; };
		4C2A059912F5E1BA00120019 /* English */ = {isa = PBXFileReference; fileEncoding = 10; lastKnownFileType = text.plist.strings; name = English; path = English.lproj/Localizable.strings; sourceTree = "<group>"; };
		4C2A059B12F5E22A00120019 /* German */ = {isa = PBXFileReference; lastKnownFileType = text.plist.strings; name = German; path = German.lproj/Localizable.strings; sourceTree = "<group>"; };
		4C94C0F712DA310A00C29F6C /* contrib */ = {isa = PBXFileReference; lastKnownFileType = folder; path = contrib; sourceTree = "<group>"; };
		4C94C47812DA34A000C29F6C /* libhb.a */ = {isa = PBXFileReference; lastKnownFileType = archive.ar; name = libhb.a; path = handbrake/libhb.a; sourceTree = "<group>"; };
		4CE79C6912DBB6C900F3B7E7 /* German */ = {isa = PBXFileReference; lastKnownFileType = text.plist.strings; name = German; path = German.lproj/InfoPlist.strings; sourceTree = "<group>"; };
		4CE79C6A12DBB6DA00F3B7E7 /* German */ = {isa = PBXFileReference; lastKnownFileType = text.rtf; name = German; path = German.lproj/Credits.rtf; sourceTree = "<group>"; };
		4CE79C7A12DBB8E700F3B7E7 /* German */ = {isa = PBXFileReference; lastKnownFileType = file.xib; name = German; path = German.lproj/MainMenu.xib; sourceTree = "<group>"; };
		4CE79C7B12DBB8EF00F3B7E7 /* German */ = {isa = PBXFileReference; lastKnownFileType = file.xib; name = German; path = German.lproj/DVDImportDocument.xib; sourceTree = "<group>"; };
		8D15AC360486D014006FF6A4 /* Info.plist */ = {isa = PBXFileReference; fileEncoding = 4; lastKnownFileType = text.plist.xml; path = Info.plist; sourceTree = "<group>"; };
		8D15AC370486D014006FF6A4 /* Cinema Paradiso.app */ = {isa = PBXFileReference; explicitFileType = wrapper.application; includeInIndex = 0; path = "Cinema Paradiso.app"; sourceTree = BUILT_PRODUCTS_DIR; };
/* End PBXFileReference section */

/* Begin PBXFrameworksBuildPhase section */
		8D15AC330486D014006FF6A4 /* Frameworks */ = {
			isa = PBXFrameworksBuildPhase;
			buildActionMask = 2147483647;
			files = (
				8D15AC340486D014006FF6A4 /* Cocoa.framework in Frameworks */,
				4C94C47912DA34A000C29F6C /* libhb.a in Frameworks */,
			);
			runOnlyForDeploymentPostprocessing = 0;
		};
/* End PBXFrameworksBuildPhase section */

/* Begin PBXGroup section */
		19C28FB0FE9D524F11CA2CBB /* Products */ = {
			isa = PBXGroup;
			children = (
				8D15AC370486D014006FF6A4 /* Cinema Paradiso.app */,
			);
			name = Products;
			sourceTree = "<group>";
		};
		2A37F4AAFDCFA73011CA2CEA /* dvd2ite */ = {
			isa = PBXGroup;
			children = (
				4C343D9812D0F2D300B0B23B /* DVD */,
				2A37F4AFFDCFA73011CA2CEA /* Other Sources */,
				2A37F4B8FDCFA73011CA2CEA /* Resources */,
				2A37F4C3FDCFA73011CA2CEA /* Frameworks */,
				19C28FB0FE9D524F11CA2CBB /* Products */,
			);
			name = dvd2ite;
			sourceTree = "<group>";
		};
		2A37F4AFFDCFA73011CA2CEA /* Other Sources */ = {
			isa = PBXGroup;
			children = (
				4C2A055212F5C33600120019 /* CPController.h */,
				4C2A055312F5C33600120019 /* CPController.m */,
				2A37F4B0FDCFA73011CA2CEA /* main.m */,
				32DBCF750370BD2300C91783 /* dvd2ite_Prefix.pch */,
			);
			name = "Other Sources";
			sourceTree = "<group>";
		};
		2A37F4B8FDCFA73011CA2CEA /* Resources */ = {
			isa = PBXGroup;
			children = (
				2A37F4B9FDCFA73011CA2CEA /* Credits.rtf */,
				8D15AC360486D014006FF6A4 /* Info.plist */,
				089C165FFE840EACC02AAC07 /* InfoPlist.strings */,
				4C2A059812F5E1BA00120019 /* Localizable.strings */,
				1DDD58280DA1D0D100B32029 /* DVDImportDocument.xib */,
				1DDD582A0DA1D0D100B32029 /* MainMenu.xib */,
			);
			name = Resources;
			sourceTree = "<group>";
		};
		2A37F4C3FDCFA73011CA2CEA /* Frameworks */ = {
			isa = PBXGroup;
			children = (
				4C94C0F712DA310A00C29F6C /* contrib */,
				4C94C46F12DA322E00C29F6C /* External Libraries */,
				1058C7A7FEA54F5311CA2CBB /* Cocoa.framework */,
			);
			name = Frameworks;
			sourceTree = "<group>";
		};
		4C343D9812D0F2D300B0B23B /* DVD */ = {
			isa = PBXGroup;
			children = (
				2A37F4AEFDCFA73011CA2CEA /* DVDImportDocument.h */,
				2A37F4ACFDCFA73011CA2CEA /* DVDImportDocument.m */,
			);
			name = DVD;
			path = dvd;
			sourceTree = "<group>";
		};
		4C94C46F12DA322E00C29F6C /* External Libraries */ = {
			isa = PBXGroup;
			children = (
				4C94C47812DA34A000C29F6C /* libhb.a */,
			);
			path = "External Libraries";
			sourceTree = BUILT_PRODUCTS_DIR;
		};
/* End PBXGroup section */

/* Begin PBXLegacyTarget section */
		4CD82E5F12DA16EF00F9C039 /* Contrib */ = {
			isa = PBXLegacyTarget;
			buildArgumentsString = "$(ACTION)";
			buildConfigurationList = 4CD82E6712DA173500F9C039 /* Build configuration list for PBXLegacyTarget "Contrib" */;
			buildPhases = (
			);
			buildToolPath = make;
			buildWorkingDirectory = contrib;
			dependencies = (
			);
			name = Contrib;
			passBuildSettingsInEnvironment = 1;
			productName = "External Libraries";
		};
/* End PBXLegacyTarget section */

/* Begin PBXNativeTarget section */
		8D15AC270486D014006FF6A4 /* Cinema Paradiso */ = {
			isa = PBXNativeTarget;
			buildConfigurationList = C05733C708A9546B00998B17 /* Build configuration list for PBXNativeTarget "Cinema Paradiso" */;
			buildPhases = (
				8D15AC2B0486D014006FF6A4 /* Resources */,
				8D15AC300486D014006FF6A4 /* Sources */,
				8D15AC330486D014006FF6A4 /* Frameworks */,
			);
			buildRules = (
			);
			dependencies = (
				4CD82E6312DA172900F9C039 /* PBXTargetDependency */,
			);
			name = "Cinema Paradiso";
			productInstallPath = "$(HOME)/Applications";
			productName = dvd2ite;
			productReference = 8D15AC370486D014006FF6A4 /* Cinema Paradiso.app */;
			productType = "com.apple.product-type.application";
		};
/* End PBXNativeTarget section */

/* Begin PBXProject section */
		2A37F4A9FDCFA73011CA2CEA /* Project object */ = {
			isa = PBXProject;
			attributes = {
				BuildIndependentTargetsInParallel = YES;
			};
			buildConfigurationList = C05733CB08A9546B00998B17 /* Build configuration list for PBXProject "dvd2ite" */;
			compatibilityVersion = "Xcode 3.2";
			developmentRegion = English;
			hasScannedForEncodings = 1;
			knownRegions = (
				English,
				Japanese,
				French,
				German,
			);
			mainGroup = 2A37F4AAFDCFA73011CA2CEA /* dvd2ite */;
			projectDirPath = "";
			projectRoot = "";
			targets = (
				8D15AC270486D014006FF6A4 /* Cinema Paradiso */,
				4CD82E5F12DA16EF00F9C039 /* Contrib */,
			);
		};
/* End PBXProject section */

/* Begin PBXResourcesBuildPhase section */
		8D15AC2B0486D014006FF6A4 /* Resources */ = {
			isa = PBXResourcesBuildPhase;
			buildActionMask = 2147483647;
			files = (
				8D15AC2C0486D014006FF6A4 /* Credits.rtf in Resources */,
				8D15AC2F0486D014006FF6A4 /* InfoPlist.strings in Resources */,
				1DDD582C0DA1D0D100B32029 /* DVDImportDocument.xib in Resources */,
				1DDD582D0DA1D0D100B32029 /* MainMenu.xib in Resources */,
				4C2A059A12F5E1BA00120019 /* Localizable.strings in Resources */,
			);
			runOnlyForDeploymentPostprocessing = 0;
		};
/* End PBXResourcesBuildPhase section */

/* Begin PBXSourcesBuildPhase section */
		8D15AC300486D014006FF6A4 /* Sources */ = {
			isa = PBXSourcesBuildPhase;
			buildActionMask = 2147483647;
			files = (
				8D15AC310486D014006FF6A4 /* DVDImportDocument.m in Sources */,
				8D15AC320486D014006FF6A4 /* main.m in Sources */,
				4C2A055412F5C33600120019 /* CPController.m in Sources */,
			);
			runOnlyForDeploymentPostprocessing = 0;
		};
/* End PBXSourcesBuildPhase section */

/* Begin PBXTargetDependency section */
		4CD82E6312DA172900F9C039 /* PBXTargetDependency */ = {
			isa = PBXTargetDependency;
			target = 4CD82E5F12DA16EF00F9C039 /* Contrib */;
			targetProxy = 4CD82E6212DA172900F9C039 /* PBXContainerItemProxy */;
		};
/* End PBXTargetDependency section */

/* Begin PBXVariantGroup section */
		089C165FFE840EACC02AAC07 /* InfoPlist.strings */ = {
			isa = PBXVariantGroup;
			children = (
				089C1660FE840EACC02AAC07 /* English */,
				4CE79C6912DBB6C900F3B7E7 /* German */,
			);
			name = InfoPlist.strings;
			sourceTree = "<group>";
		};
		1DDD58280DA1D0D100B32029 /* DVDImportDocument.xib */ = {
			isa = PBXVariantGroup;
			children = (
				1DDD58290DA1D0D100B32029 /* English */,
				4CE79C7B12DBB8EF00F3B7E7 /* German */,
			);
			name = DVDImportDocument.xib;
			sourceTree = "<group>";
		};
		1DDD582A0DA1D0D100B32029 /* MainMenu.xib */ = {
			isa = PBXVariantGroup;
			children = (
				1DDD582B0DA1D0D100B32029 /* English */,
				4CE79C7A12DBB8E700F3B7E7 /* German */,
			);
			name = MainMenu.xib;
			sourceTree = "<group>";
		};
		2A37F4B9FDCFA73011CA2CEA /* Credits.rtf */ = {
			isa = PBXVariantGroup;
			children = (
				2A37F4BAFDCFA73011CA2CEA /* English */,
				4CE79C6A12DBB6DA00F3B7E7 /* German */,
			);
			name = Credits.rtf;
			sourceTree = "<group>";
		};
		4C2A059812F5E1BA00120019 /* Localizable.strings */ = {
			isa = PBXVariantGroup;
			children = (
				4C2A059912F5E1BA00120019 /* English */,
				4C2A059B12F5E22A00120019 /* German */,
			);
			name = Localizable.strings;
			sourceTree = "<group>";
		};
/* End PBXVariantGroup section */

/* Begin XCBuildConfiguration section */
		4CD82E6012DA16EF00F9C039 /* Debug */ = {
			isa = XCBuildConfiguration;
			buildSettings = {
				PATH = "$(HOME)/.bin:/sw/bin:$(PATH)";
				PRODUCT_NAME = Contrib;
			};
			name = Debug;
		};
		4CD82E6112DA16EF00F9C039 /* Release */ = {
			isa = XCBuildConfiguration;
			buildSettings = {
				PATH = "$(HOME)/.bin:/sw/bin:$(PATH)";
				PRODUCT_NAME = contrib;
			};
			name = Release;
		};
		C05733C808A9546B00998B17 /* Debug */ = {
			isa = XCBuildConfiguration;
			buildSettings = {
				GCC_ENABLE_FIX_AND_CONTINUE = YES;
				GCC_PRECOMPILE_PREFIX_HEADER = YES;
				GCC_PREFIX_HEADER = dvd2ite_Prefix.pch;
				INFOPLIST_FILE = Info.plist;
				INSTALL_PATH = "$(HOME)/Applications";
				LIBRARY_SEARCH_PATHS = (
					"$(inherited)",
					"\"$(SRCROOT)/build/dvd2ite.build/Debug/contrib.build/handbrake\"",
				);
				PRODUCT_NAME = "Cinema Paradiso";
			};
			name = Debug;
		};
		C05733C908A9546B00998B17 /* Release */ = {
			isa = XCBuildConfiguration;
			buildSettings = {
				GCC_PRECOMPILE_PREFIX_HEADER = YES;
				GCC_PREFIX_HEADER = dvd2ite_Prefix.pch;
				INFOPLIST_FILE = Info.plist;
				INSTALL_PATH = "$(HOME)/Applications";
				LIBRARY_SEARCH_PATHS = (
					"$(inherited)",
					"\"$(SRCROOT)/build/dvd2ite.build/Debug/contrib.build/handbrake\"",
				);
				PRODUCT_NAME = "Cinema Paradiso";
			};
			name = Release;
		};
		C05733CC08A9546B00998B17 /* Debug */ = {
			isa = XCBuildConfiguration;
			buildSettings = {
				ARCHS = "$(ARCHS_STANDARD_32_64_BIT)";
				GCC_C_LANGUAGE_STANDARD = c99;
				GCC_OPTIMIZATION_LEVEL = 0;
				GCC_VERSION = com.apple.compilers.llvm.clang.1_0;
				ONLY_ACTIVE_ARCH = YES;
				SDKROOT = macosx10.6;
				WARNING_CFLAGS = "-Wall";
			};
			name = Debug;
		};
		C05733CD08A9546B00998B17 /* Release */ = {
			isa = XCBuildConfiguration;
			buildSettings = {
				ARCHS = "$(ARCHS_STANDARD_32_64_BIT)";
				GCC_C_LANGUAGE_STANDARD = c99;
				GCC_GENERATE_DEBUGGING_SYMBOLS = NO;
				GCC_VERSION = com.apple.compilers.llvm.clang.1_0;
				LLVM_LTO = YES;
				SDKROOT = macosx10.6;
				WARNING_CFLAGS = "-Wall";
			};
			name = Release;
		};
/* End XCBuildConfiguration section */

/* Begin XCConfigurationList section */
		4CD82E6712DA173500F9C039 /* Build configuration list for PBXLegacyTarget "Contrib" */ = {
			isa = XCConfigurationList;
			buildConfigurations = (
				4CD82E6012DA16EF00F9C039 /* Debug */,
				4CD82E6112DA16EF00F9C039 /* Release */,
			);
			defaultConfigurationIsVisible = 0;
			defaultConfigurationName = Release;
		};
		C05733C708A9546B00998B17 /* Build configuration list for PBXNativeTarget "Cinema Paradiso" */ = {
			isa = XCConfigurationList;
			buildConfigurations = (
				C05733C808A9546B00998B17 /* Debug */,
				C05733C908A9546B00998B17 /* Release */,
			);
			defaultConfigurationIsVisible = 0;
			defaultConfigurationName = Release;
		};
		C05733CB08A9546B00998B17 /* Build configuration list for PBXProject "dvd2ite" */ = {
			isa = XCConfigurationList;
			buildConfigurations = (
				C05733CC08A9546B00998B17 /* Debug */,
				C05733CD08A9546B00998B17 /* Release */,
			);
			defaultConfigurationIsVisible = 0;
			defaultConfigurationName = Release;
		};
/* End XCConfigurationList section */
	};
	rootObject = 2A37F4A9FDCFA73011CA2CEA /* Project object */;
}
